
Microsoft Visual Studio Solution File, Format Version 12.00
# Visual Studio 14
VisualStudioVersion = 14.0.24720.0
MinimumVisualStudioVersion = 10.0.40219.1
Project("{FAE04EC0-301F-11D3-BF4B-00C04F79EFBC}") = "CallCenter.API.Web", "CallCenter.WebAPI\CallCenter.API.Web.csproj", "{1DB1E17C-19BB-4CE3-8453-14D535823447}"
EndProject
Project("{FAE04EC0-301F-11D3-BF4B-00C04F79EFBC}") = "CallCenter.API.Services.Interfaces", "CallCenter.API.Services.Interfaces\CallCenter.API.Services.Interfaces.csproj", "{93AB145C-02C0-4A02-8745-AC3C8A6B20AE}"
EndProject
Project("{FAE04EC0-301F-11D3-BF4B-00C04F79EFBC}") = "CallCenter.API.Services", "CallCenter.API.Services\CallCenter.API.Services.csproj", "{C901509E-876C-47AD-8DBC-67970BBAC05E}"
EndProject
Project("{FAE04EC0-301F-11D3-BF4B-00C04F79EFBC}") = "CallCenter.API.Domain", "CallCenter.API.Domain\CallCenter.API.Domain.csproj", "{C96E72CA-A67A-4730-9362-238D949826DF}"
EndProject
Project("{FAE04EC0-301F-11D3-BF4B-00C04F79EFBC}") = "CallCenter.API.DomainModel", "CallCenter.API.DomainModel\CallCenter.API.DomainModel.csproj", "{7E58AA17-9D4E-4086-9C30-7FB94E0A787B}"
EndProject
Project("{FAE04EC0-301F-11D3-BF4B-00C04F79EFBC}") = "CallCenter.API.ViewModels", "CallCenter.API.ViewModels\CallCenter.API.ViewModels.csproj", "{1F6E1037-6DC0-4B04-A494-D3434A14CB86}"
EndProject
Project("{FAE04EC0-301F-11D3-BF4B-00C04F79EFBC}") = "CallCenter.API.Repository.Interfaces", "CallCenter.API.Repository.Interfaces\CallCenter.API.Repository.Interfaces.csproj", "{A32CA7D5-DC9A-4A49-93B4-001F52B2DCCE}"
EndProject
Project("{FAE04EC0-301F-11D3-BF4B-00C04F79EFBC}") = "CallCenter.API.Repository", "CallCenter.API.Repository\CallCenter.API.Repository.csproj", "{B2715AA2-56F2-42B9-99C2-270B18A66CBA}"
EndProject
Project("{FAE04EC0-301F-11D3-BF4B-00C04F79EFBC}") = "CallCenter.API.Constants", "CallCenter.API.Constants\CallCenter.API.Constants.csproj", "{552AD76D-0B6F-438F-83F1-91DE1F294FD9}"
EndProject
Project("{FAE04EC0-301F-11D3-BF4B-00C04F79EFBC}") = "CallCenter.API.Models", "CallCenter.API.Models\CallCenter.API.Models.csproj", "{A3D128A2-FBB3-453D-9791-56D996E72F0A}"
EndProject
Project("{FAE04EC0-301F-11D3-BF4B-00C04F79EFBC}") = "CallCenter.API.Utils", "CallCenter.API.Utils\CallCenter.API.Utils.csproj", "{9648E2C2-E723-4D82-97CE-895CCA22D858}"
EndProject
Global
	GlobalSection(SolutionConfigurationPlatforms) = preSolution
		Debug|Any CPU = Debug|Any CPU
		Release|Any CPU = Release|Any CPU
	EndGlobalSection
	GlobalSection(ProjectConfigurationPlatforms) = postSolution
		{1DB1E17C-19BB-4CE3-8453-14D535823447}.Debug|Any CPU.ActiveCfg = Debug|Any CPU
		{1DB1E17C-19BB-4CE3-8453-14D535823447}.Debug|Any CPU.Build.0 = Debug|Any CPU
		{1DB1E17C-19BB-4CE3-8453-14D535823447}.Release|Any CPU.ActiveCfg = Release|Any CPU
		{1DB1E17C-19BB-4CE3-8453-14D535823447}.Release|Any CPU.Build.0 = Release|Any CPU
		{93AB145C-02C0-4A02-8745-AC3C8A6B20AE}.Debug|Any CPU.ActiveCfg = Debug|Any CPU
		{93AB145C-02C0-4A02-8745-AC3C8A6B20AE}.Debug|Any CPU.Build.0 = Debug|Any CPU
		{93AB145C-02C0-4A02-8745-AC3C8A6B20AE}.Release|Any CPU.ActiveCfg = Release|Any CPU
		{93AB145C-02C0-4A02-8745-AC3C8A6B20AE}.Release|Any CPU.Build.0 = Release|Any CPU
		{C901509E-876C-47AD-8DBC-67970BBAC05E}.Debug|Any CPU.ActiveCfg = Debug|Any CPU
		{C901509E-876C-47AD-8DBC-67970BBAC05E}.Debug|Any CPU.Build.0 = Debug|Any CPU
		{C901509E-876C-47AD-8DBC-67970BBAC05E}.Release|Any CPU.ActiveCfg = Release|Any CPU
		{C901509E-876C-47AD-8DBC-67970BBAC05E}.Release|Any CPU.Build.0 = Release|Any CPU
		{C96E72CA-A67A-4730-9362-238D949826DF}.Debug|Any CPU.ActiveCfg = Debug|Any CPU
		{C96E72CA-A67A-4730-9362-238D949826DF}.Debug|Any CPU.Build.0 = Debug|Any CPU
		{C96E72CA-A67A-4730-9362-238D949826DF}.Release|Any CPU.ActiveCfg = Release|Any CPU
		{C96E72CA-A67A-4730-9362-238D949826DF}.Release|Any CPU.Build.0 = Release|Any CPU
		{7E58AA17-9D4E-4086-9C30-7FB94E0A787B}.Debug|Any CPU.ActiveCfg = Debug|Any CPU
		{7E58AA17-9D4E-4086-9C30-7FB94E0A787B}.Debug|Any CPU.Build.0 = Debug|Any CPU
		{7E58AA17-9D4E-4086-9C30-7FB94E0A787B}.Release|Any CPU.ActiveCfg = Release|Any CPU
		{7E58AA17-9D4E-4086-9C30-7FB94E0A787B}.Release|Any CPU.Build.0 = Release|Any CPU
		{1F6E1037-6DC0-4B04-A494-D3434A14CB86}.Debug|Any CPU.ActiveCfg = Debug|Any CPU
		{1F6E1037-6DC0-4B04-A494-D3434A14CB86}.Debug|Any CPU.Build.0 = Debug|Any CPU
		{1F6E1037-6DC0-4B04-A494-D3434A14CB86}.Release|Any CPU.ActiveCfg = Release|Any CPU
		{1F6E1037-6DC0-4B04-A494-D3434A14CB86}.Release|Any CPU.Build.0 = Release|Any CPU
		{A32CA7D5-DC9A-4A49-93B4-001F52B2DCCE}.Debug|Any CPU.ActiveCfg = Debug|Any CPU
		{A32CA7D5-DC9A-4A49-93B4-001F52B2DCCE}.Debug|Any CPU.Build.0 = Debug|Any CPU
		{A32CA7D5-DC9A-4A49-93B4-001F52B2DCCE}.Release|Any CPU.ActiveCfg = Release|Any CPU
		{A32CA7D5-DC9A-4A49-93B4-001F52B2DCCE}.Release|Any CPU.Build.0 = Release|Any CPU
		{B2715AA2-56F2-42B9-99C2-270B18A66CBA}.Debug|Any CPU.ActiveCfg = Debug|Any CPU
		{B2715AA2-56F2-42B9-99C2-270B18A66CBA}.Debug|Any CPU.Build.0 = Debug|Any CPU
		{B2715AA2-56F2-42B9-99C2-270B18A66CBA}.Release|Any CPU.ActiveCfg = Release|Any CPU
		{B2715AA2-56F2-42B9-99C2-270B18A66CBA}.Release|Any CPU.Build.0 = Release|Any CPU
		{552AD76D-0B6F-438F-83F1-91DE1F294FD9}.Debug|Any CPU.ActiveCfg = Debug|Any CPU
		{552AD76D-0B6F-438F-83F1-91DE1F294FD9}.Debug|Any CPU.Build.0 = Debug|Any CPU
		{552AD76D-0B6F-438F-83F1-91DE1F294FD9}.Release|Any CPU.ActiveCfg = Release|Any CPU
		{552AD76D-0B6F-438F-83F1-91DE1F294FD9}.Release|Any CPU.Build.0 = Release|Any CPU
		{A3D128A2-FBB3-453D-9791-56D996E72F0A}.Debug|Any CPU.ActiveCfg = Debug|Any CPU
		{A3D128A2-FBB3-453D-9791-56D996E72F0A}.Debug|Any CPU.Build.0 = Debug|Any CPU
		{A3D128A2-FBB3-453D-9791-56D996E72F0A}.Release|Any CPU.ActiveCfg = Release|Any CPU
		{A3D128A2-FBB3-453D-9791-56D996E72F0A}.Release|Any CPU.Build.0 = Release|Any CPU
		{9648E2C2-E723-4D82-97CE-895CCA22D858}.Debug|Any CPU.ActiveCfg = Debug|Any CPU
		{9648E2C2-E723-4D82-97CE-895CCA22D858}.Debug|Any CPU.Build.0 = Debug|Any CPU
		{9648E2C2-E723-4D82-97CE-895CCA22D858}.Release|Any CPU.ActiveCfg = Release|Any CPU
		{9648E2C2-E723-4D82-97CE-895CCA22D858}.Release|Any CPU.Build.0 = Release|Any CPU
	EndGlobalSection
	GlobalSection(SolutionProperties) = preSolution
		HideSolutionNode = FALSE
	EndGlobalSection
EndGlobal
